<Solution>
  <Folder Name="/Step 1/">
    <Project Path="MoneyTransfer.Basic.Console/MoneyTransfer.Basic.Console.csproj" />
  </Folder>
  <Folder Name="/Step 2/">
    <Project Path="MoneyTransfer.DI.Console/MoneyTransfer.DI.Console.csproj" />
  </Folder>
  <Folder Name="/Step 3/">
    <Project Path="MoneyTransfer.API/MoneyTransfer.API.csproj" />
  </Folder>
  <Folder Name="/Step 4/">
    <Project Path="MoneyTransfer.Core/MoneyTransfer.Core.csproj" Id="15049c09-499b-4696-aec0-a28b55814faa" />
    <Project Path="MoneyTransfer.Infrastructure/MoneyTransfer.Infrastructure.csproj" Id="2c7edc45-a628-45a4-8e2c-8a5040e2ea6c" />
    <Project Path="MoneyTransfer.OnlyAPI/MoneyTransfer.API.csproj" Id="cc9673a4-22dd-45fd-8dd0-c5b78fa2a9a3" />
    <Project Path="MoneyTransfer.Test/MoneyTransfer.Test.csproj" Id="5bbb7a33-2a26-4df9-b513-13a699a13ccc" />
  </Folder>
</Solution>
