<Solution>
  <Folder Name="/Step 1/">
    <Project Path="MoneyTransfer.Basic.Console/MoneyTransfer.Basic.Console.csproj" />
  </Folder>
  <Folder Name="/Step 2/">
    <Project Path="MoneyTransfer.DI.Console/MoneyTransfer.DI.Console.csproj" />
  </Folder>
  <Folder Name="/Step 3/">
    <Project Path="MoneyTransfer.API/MoneyTransfer.API.csproj" />
  </Folder>
</Solution>
